
Microsoft Visual Studio Solution File, Format Version 12.00
# Visual Studio Version 17
VisualStudioVersion = 17.4.33213.308
MinimumVisualStudioVersion = 10.0.40219.1
Project("{FAE04EC0-301F-11D3-BF4B-00C04F79EFBC}") = "Dextroamphetamine", "Dextroamphetamine\Dextroamphetamine.csproj", "{4CF1ED66-436C-46B9-A293-7E82B050C97D}"
EndProject
Global
	GlobalSection(SolutionConfigurationPlatforms) = preSolution
		Debug|Any CPU = Debug|Any CPU
		Release|Any CPU = Release|Any CPU
	EndGlobalSection
	GlobalSection(ProjectConfigurationPlatforms) = postSolution
		{4CF1ED66-436C-46B9-A293-7E82B050C97D}.Debug|Any CPU.ActiveCfg = Debug|Any CPU
		{4CF1ED66-436C-46B9-A293-7E82B050C97D}.Debug|Any CPU.Build.0 = Debug|Any CPU
		{4CF1ED66-436C-46B9-A293-7E82B050C97D}.Release|Any CPU.ActiveCfg = Release|Any CPU
		{4CF1ED66-436C-46B9-A293-7E82B050C97D}.Release|Any CPU.Build.0 = Release|Any CPU
	EndGlobalSection
	GlobalSection(SolutionProperties) = preSolution
		HideSolutionNode = FALSE
	EndGlobalSection
	GlobalSection(ExtensibilityGlobals) = postSolution
		SolutionGuid = {A5A0891C-1BF0-4CFE-ADEB-4CE24E115560}
	EndGlobalSection
EndGlobal
